PODS:
  - Alamofire (5.8.0)
  - camera_avfoundation (0.0.1):
    - Flutter
  - facebook_app_events (0.0.1):
    - FBAudienceNetwork (~> 6.9.0)
    - FBSDKCoreKit (~> 14.1.0)
    - Flutter
  - FBAEMKit (14.1.0):
    - FBSDKCoreKit_Basics (= 14.1.0)
  - FBAudienceNetwork (6.9.0)
  - FBSDKCoreKit (14.1.0):
    - FBAEMKit (= 14.1.0)
    - FBSDKCoreKit_Basics (= 14.1.0)
  - FBSDKCoreKit_Basics (14.1.0)
  - Flutter (1.0.0)
  - flutter_device_core (0.0.1):
    - Alamofire
    - Flutter
    - KeychainAccess
  - flutter_inappwebview (0.0.1):
    - Flutter
    - flutter_inappwebview/Core (= 0.0.1)
    - OrderedSet (~> 5.0)
  - flutter_inappwebview/Core (0.0.1):
    - Flutter
    - OrderedSet (~> 5.0)
  - flutter_native_contact_picker (0.0.1):
    - Flutter
  - KeychainAccess (4.2.2)
  - OrderedSet (5.0.0)
  - permission_handler_apple (9.1.1):
    - Flutter
  - shared_preferences_foundation (0.0.1):
    - Flutter
    - FlutterMacOS
  - url_launcher_ios (0.0.1):
    - Flutter

DEPENDENCIES:
  - camera_avfoundation (from `.symlinks/plugins/camera_avfoundation/ios`)
  - facebook_app_events (from `.symlinks/plugins/facebook_app_events/ios`)
  - Flutter (from `Flutter`)
  - flutter_device_core (from `.symlinks/plugins/flutter_device_core/ios`)
  - flutter_inappwebview (from `.symlinks/plugins/flutter_inappwebview/ios`)
  - flutter_native_contact_picker (from `.symlinks/plugins/flutter_native_contact_picker/ios`)
  - permission_handler_apple (from `.symlinks/plugins/permission_handler_apple/ios`)
  - shared_preferences_foundation (from `.symlinks/plugins/shared_preferences_foundation/darwin`)
  - url_launcher_ios (from `.symlinks/plugins/url_launcher_ios/ios`)

SPEC REPOS:
  trunk:
    - Alamofire
    - FBAEMKit
    - FBAudienceNetwork
    - FBSDKCoreKit
    - FBSDKCoreKit_Basics
    - KeychainAccess
    - OrderedSet

EXTERNAL SOURCES:
  camera_avfoundation:
    :path: ".symlinks/plugins/camera_avfoundation/ios"
  facebook_app_events:
    :path: ".symlinks/plugins/facebook_app_events/ios"
  Flutter:
    :path: Flutter
  flutter_device_core:
    :path: ".symlinks/plugins/flutter_device_core/ios"
  flutter_inappwebview:
    :path: ".symlinks/plugins/flutter_inappwebview/ios"
  flutter_native_contact_picker:
    :path: ".symlinks/plugins/flutter_native_contact_picker/ios"
  permission_handler_apple:
    :path: ".symlinks/plugins/permission_handler_apple/ios"
  shared_preferences_foundation:
    :path: ".symlinks/plugins/shared_preferences_foundation/darwin"
  url_launcher_ios:
    :path: ".symlinks/plugins/url_launcher_ios/ios"

SPEC CHECKSUMS:
  Alamofire: 0e92e751b3e9e66d7982db43919d01f313b8eb91
  camera_avfoundation: 3125e8cd1a4387f6f31c6c63abb8a55892a9eeeb
  facebook_app_events: 62fec1942165417a9713bc06e3368e2e12b79cbd
  FBAEMKit: a899515e45476027f73aef377b5cffadcd56ca3a
  FBAudienceNetwork: 83096d73433759c10f9cf9b3bad5e5cff58694cb
  FBSDKCoreKit: 24f8bc8d3b5b2a8c5c656a1329492a12e8efa792
  FBSDKCoreKit_Basics: 6e578c9bdc7aa1365dbbbde633c9ebb536bcaa98
  Flutter: f04841e97a9d0b0a8025694d0796dd46242b2854
  flutter_device_core: 9f255bcc75090848a51eaaf7b5b57094302064cb
  flutter_inappwebview: 3d32228f1304635e7c028b0d4252937730bbc6cf
  flutter_native_contact_picker: bd430ba0fbf82768bb50c2c52a69a65759a8f907
  KeychainAccess: c0c4f7f38f6fc7bbe58f5702e25f7bd2f65abf51
  OrderedSet: aaeb196f7fef5a9edf55d89760da9176ad40b93c
  permission_handler_apple: e76247795d700c14ea09e3a2d8855d41ee80a2e6
  shared_preferences_foundation: 5b919d13b803cadd15ed2dc053125c68730e5126
  url_launcher_ios: 68d46cc9766d0c41dbdc884310529557e3cd7a86

PODFILE CHECKSUM: 7368163408c647b7eb699d0d788ba6718e18fb8d

COCOAPODS: 1.12.1
